
Microsoft Visual Studio Solution File, Format Version 12.00
# Visual Studio 15
VisualStudioVersion = 15.0.26124.0
MinimumVisualStudioVersion = 15.0.26124.0
Project("{FAE04EC0-301F-11D3-BF4B-00C04F79EFBC}") = "Drop.Api", "src\Drop.Api\Drop.Api.csproj", "{AA78BADD-6475-46E8-9685-64C3CB72E8A3}"
EndProject
Project("{2150E333-8FDC-42A3-9474-1A3956D46DE8}") = "src", "src", "{E3CAB372-0309-4710-A2C9-E5A13CF0DA83}"
EndProject
Project("{FAE04EC0-301F-11D3-BF4B-00C04F79EFBC}") = "Drop.Application", "src\Drop.Application\Drop.Application.csproj", "{ED7F23B4-5D3F-4CD5-A240-18E64C87CE4C}"
EndProject
Project("{FAE04EC0-301F-11D3-BF4B-00C04F79EFBC}") = "Drop.Core", "src\Drop.Core\Drop.Core.csproj", "{A7E98B06-3B3A-4D0F-96C7-F7A0CF284E4A}"
EndProject
Project("{FAE04EC0-301F-11D3-BF4B-00C04F79EFBC}") = "Drop.Infrastructure", "src\Drop.Infrastructure\Drop.Infrastructure.csproj", "{716D54A0-618B-4370-9FB7-1BE31A66D2FE}"
EndProject
Project("{2150E333-8FDC-42A3-9474-1A3956D46DE8}") = "tests", "tests", "{EA50DC7B-9C68-4C96-8D48-893CF97D882C}"
EndProject
Project("{FAE04EC0-301F-11D3-BF4B-00C04F79EFBC}") = "Drop.Tests.Integration", "tests\Drop.Tests.Integration\Drop.Tests.Integration.csproj", "{B917A53A-D11D-40E1-A1DF-EBE9DDA1AF47}"
EndProject
Project("{FAE04EC0-301F-11D3-BF4B-00C04F79EFBC}") = "Drop.Tests.Unit", "tests\Drop.Tests.Unit\Drop.Tests.Unit.csproj", "{19078034-6503-475B-A2DA-43D54D4A2E90}"
EndProject
Global
	GlobalSection(SolutionConfigurationPlatforms) = preSolution
		Debug|Any CPU = Debug|Any CPU
		Debug|x64 = Debug|x64
		Debug|x86 = Debug|x86
		Release|Any CPU = Release|Any CPU
		Release|x64 = Release|x64
		Release|x86 = Release|x86
	EndGlobalSection
	GlobalSection(SolutionProperties) = preSolution
		HideSolutionNode = FALSE
	EndGlobalSection
	GlobalSection(ProjectConfigurationPlatforms) = postSolution
		{AA78BADD-6475-46E8-9685-64C3CB72E8A3}.Debug|Any CPU.ActiveCfg = Debug|Any CPU
		{AA78BADD-6475-46E8-9685-64C3CB72E8A3}.Debug|Any CPU.Build.0 = Debug|Any CPU
		{AA78BADD-6475-46E8-9685-64C3CB72E8A3}.Debug|x64.ActiveCfg = Debug|Any CPU
		{AA78BADD-6475-46E8-9685-64C3CB72E8A3}.Debug|x64.Build.0 = Debug|Any CPU
		{AA78BADD-6475-46E8-9685-64C3CB72E8A3}.Debug|x86.ActiveCfg = Debug|Any CPU
		{AA78BADD-6475-46E8-9685-64C3CB72E8A3}.Debug|x86.Build.0 = Debug|Any CPU
		{AA78BADD-6475-46E8-9685-64C3CB72E8A3}.Release|Any CPU.ActiveCfg = Release|Any CPU
		{AA78BADD-6475-46E8-9685-64C3CB72E8A3}.Release|Any CPU.Build.0 = Release|Any CPU
		{AA78BADD-6475-46E8-9685-64C3CB72E8A3}.Release|x64.ActiveCfg = Release|Any CPU
		{AA78BADD-6475-46E8-9685-64C3CB72E8A3}.Release|x64.Build.0 = Release|Any CPU
		{AA78BADD-6475-46E8-9685-64C3CB72E8A3}.Release|x86.ActiveCfg = Release|Any CPU
		{AA78BADD-6475-46E8-9685-64C3CB72E8A3}.Release|x86.Build.0 = Release|Any CPU
		{ED7F23B4-5D3F-4CD5-A240-18E64C87CE4C}.Debug|Any CPU.ActiveCfg = Debug|Any CPU
		{ED7F23B4-5D3F-4CD5-A240-18E64C87CE4C}.Debug|Any CPU.Build.0 = Debug|Any CPU
		{ED7F23B4-5D3F-4CD5-A240-18E64C87CE4C}.Debug|x64.ActiveCfg = Debug|Any CPU
		{ED7F23B4-5D3F-4CD5-A240-18E64C87CE4C}.Debug|x64.Build.0 = Debug|Any CPU
		{ED7F23B4-5D3F-4CD5-A240-18E64C87CE4C}.Debug|x86.ActiveCfg = Debug|Any CPU
		{ED7F23B4-5D3F-4CD5-A240-18E64C87CE4C}.Debug|x86.Build.0 = Debug|Any CPU
		{ED7F23B4-5D3F-4CD5-A240-18E64C87CE4C}.Release|Any CPU.ActiveCfg = Release|Any CPU
		{ED7F23B4-5D3F-4CD5-A240-18E64C87CE4C}.Release|Any CPU.Build.0 = Release|Any CPU
		{ED7F23B4-5D3F-4CD5-A240-18E64C87CE4C}.Release|x64.ActiveCfg = Release|Any CPU
		{ED7F23B4-5D3F-4CD5-A240-18E64C87CE4C}.Release|x64.Build.0 = Release|Any CPU
		{ED7F23B4-5D3F-4CD5-A240-18E64C87CE4C}.Release|x86.ActiveCfg = Release|Any CPU
		{ED7F23B4-5D3F-4CD5-A240-18E64C87CE4C}.Release|x86.Build.0 = Release|Any CPU
		{A7E98B06-3B3A-4D0F-96C7-F7A0CF284E4A}.Debug|Any CPU.ActiveCfg = Debug|Any CPU
		{A7E98B06-3B3A-4D0F-96C7-F7A0CF284E4A}.Debug|Any CPU.Build.0 = Debug|Any CPU
		{A7E98B06-3B3A-4D0F-96C7-F7A0CF284E4A}.Debug|x64.ActiveCfg = Debug|Any CPU
		{A7E98B06-3B3A-4D0F-96C7-F7A0CF284E4A}.Debug|x64.Build.0 = Debug|Any CPU
		{A7E98B06-3B3A-4D0F-96C7-F7A0CF284E4A}.Debug|x86.ActiveCfg = Debug|Any CPU
		{A7E98B06-3B3A-4D0F-96C7-F7A0CF284E4A}.Debug|x86.Build.0 = Debug|Any CPU
		{A7E98B06-3B3A-4D0F-96C7-F7A0CF284E4A}.Release|Any CPU.ActiveCfg = Release|Any CPU
		{A7E98B06-3B3A-4D0F-96C7-F7A0CF284E4A}.Release|Any CPU.Build.0 = Release|Any CPU
		{A7E98B06-3B3A-4D0F-96C7-F7A0CF284E4A}.Release|x64.ActiveCfg = Release|Any CPU
		{A7E98B06-3B3A-4D0F-96C7-F7A0CF284E4A}.Release|x64.Build.0 = Release|Any CPU
		{A7E98B06-3B3A-4D0F-96C7-F7A0CF284E4A}.Release|x86.ActiveCfg = Release|Any CPU
		{A7E98B06-3B3A-4D0F-96C7-F7A0CF284E4A}.Release|x86.Build.0 = Release|Any CPU
		{716D54A0-618B-4370-9FB7-1BE31A66D2FE}.Debug|Any CPU.ActiveCfg = Debug|Any CPU
		{716D54A0-618B-4370-9FB7-1BE31A66D2FE}.Debug|Any CPU.Build.0 = Debug|Any CPU
		{716D54A0-618B-4370-9FB7-1BE31A66D2FE}.Debug|x64.ActiveCfg = Debug|Any CPU
		{716D54A0-618B-4370-9FB7-1BE31A66D2FE}.Debug|x64.Build.0 = Debug|Any CPU
		{716D54A0-618B-4370-9FB7-1BE31A66D2FE}.Debug|x86.ActiveCfg = Debug|Any CPU
		{716D54A0-618B-4370-9FB7-1BE31A66D2FE}.Debug|x86.Build.0 = Debug|Any CPU
		{716D54A0-618B-4370-9FB7-1BE31A66D2FE}.Release|Any CPU.ActiveCfg = Release|Any CPU
		{716D54A0-618B-4370-9FB7-1BE31A66D2FE}.Release|Any CPU.Build.0 = Release|Any CPU
		{716D54A0-618B-4370-9FB7-1BE31A66D2FE}.Release|x64.ActiveCfg = Release|Any CPU
		{716D54A0-618B-4370-9FB7-1BE31A66D2FE}.Release|x64.Build.0 = Release|Any CPU
		{716D54A0-618B-4370-9FB7-1BE31A66D2FE}.Release|x86.ActiveCfg = Release|Any CPU
		{716D54A0-618B-4370-9FB7-1BE31A66D2FE}.Release|x86.Build.0 = Release|Any CPU
		{B917A53A-D11D-40E1-A1DF-EBE9DDA1AF47}.Debug|Any CPU.ActiveCfg = Debug|Any CPU
		{B917A53A-D11D-40E1-A1DF-EBE9DDA1AF47}.Debug|Any CPU.Build.0 = Debug|Any CPU
		{B917A53A-D11D-40E1-A1DF-EBE9DDA1AF47}.Debug|x64.ActiveCfg = Debug|Any CPU
		{B917A53A-D11D-40E1-A1DF-EBE9DDA1AF47}.Debug|x64.Build.0 = Debug|Any CPU
		{B917A53A-D11D-40E1-A1DF-EBE9DDA1AF47}.Debug|x86.ActiveCfg = Debug|Any CPU
		{B917A53A-D11D-40E1-A1DF-EBE9DDA1AF47}.Debug|x86.Build.0 = Debug|Any CPU
		{B917A53A-D11D-40E1-A1DF-EBE9DDA1AF47}.Release|Any CPU.ActiveCfg = Release|Any CPU
		{B917A53A-D11D-40E1-A1DF-EBE9DDA1AF47}.Release|Any CPU.Build.0 = Release|Any CPU
		{B917A53A-D11D-40E1-A1DF-EBE9DDA1AF47}.Release|x64.ActiveCfg = Release|Any CPU
		{B917A53A-D11D-40E1-A1DF-EBE9DDA1AF47}.Release|x64.Build.0 = Release|Any CPU
		{B917A53A-D11D-40E1-A1DF-EBE9DDA1AF47}.Release|x86.ActiveCfg = Release|Any CPU
		{B917A53A-D11D-40E1-A1DF-EBE9DDA1AF47}.Release|x86.Build.0 = Release|Any CPU
		{19078034-6503-475B-A2DA-43D54D4A2E90}.Debug|Any CPU.ActiveCfg = Debug|Any CPU
		{19078034-6503-475B-A2DA-43D54D4A2E90}.Debug|Any CPU.Build.0 = Debug|Any CPU
		{19078034-6503-475B-A2DA-43D54D4A2E90}.Debug|x64.ActiveCfg = Debug|Any CPU
		{19078034-6503-475B-A2DA-43D54D4A2E90}.Debug|x64.Build.0 = Debug|Any CPU
		{19078034-6503-475B-A2DA-43D54D4A2E90}.Debug|x86.ActiveCfg = Debug|Any CPU
		{19078034-6503-475B-A2DA-43D54D4A2E90}.Debug|x86.Build.0 = Debug|Any CPU
		{19078034-6503-475B-A2DA-43D54D4A2E90}.Release|Any CPU.ActiveCfg = Release|Any CPU
		{19078034-6503-475B-A2DA-43D54D4A2E90}.Release|Any CPU.Build.0 = Release|Any CPU
		{19078034-6503-475B-A2DA-43D54D4A2E90}.Release|x64.ActiveCfg = Release|Any CPU
		{19078034-6503-475B-A2DA-43D54D4A2E90}.Release|x64.Build.0 = Release|Any CPU
		{19078034-6503-475B-A2DA-43D54D4A2E90}.Release|x86.ActiveCfg = Release|Any CPU
		{19078034-6503-475B-A2DA-43D54D4A2E90}.Release|x86.Build.0 = Release|Any CPU
	EndGlobalSection
	GlobalSection(NestedProjects) = preSolution
		{ED7F23B4-5D3F-4CD5-A240-18E64C87CE4C} = {E3CAB372-0309-4710-A2C9-E5A13CF0DA83}
		{AA78BADD-6475-46E8-9685-64C3CB72E8A3} = {E3CAB372-0309-4710-A2C9-E5A13CF0DA83}
		{A7E98B06-3B3A-4D0F-96C7-F7A0CF284E4A} = {E3CAB372-0309-4710-A2C9-E5A13CF0DA83}
		{716D54A0-618B-4370-9FB7-1BE31A66D2FE} = {E3CAB372-0309-4710-A2C9-E5A13CF0DA83}
		{B917A53A-D11D-40E1-A1DF-EBE9DDA1AF47} = {EA50DC7B-9C68-4C96-8D48-893CF97D882C}
		{19078034-6503-475B-A2DA-43D54D4A2E90} = {EA50DC7B-9C68-4C96-8D48-893CF97D882C}
	EndGlobalSection
EndGlobal
